
Microsoft Visual Studio Solution File, Format Version 12.00
# Visual Studio Version 17
VisualStudioVersion = 17.1.32210.238
MinimumVisualStudioVersion = 10.0.40219.1
Project("{9A19103F-16F7-4668-BE54-9A1E7A4F7556}") = "Chapel", "Chapel\Chapel.csproj", "{499D6438-A010-4269-A4EF-E7966CDB1196}"
EndProject
Project("{9A19103F-16F7-4668-BE54-9A1E7A4F7556}") = "Mongo", "Mongo\Mongo.csproj", "{8500870D-488A-494D-A6FB-209824286770}"
EndProject
Project("{2150E333-8FDC-42A3-9474-1A3956D46DE8}") = "UpTower", "UpTower", "{F4929051-4029-4BA5-8EE4-ED478FC66730}"
EndProject
Project("{9A19103F-16F7-4668-BE54-9A1E7A4F7556}") = "Tower", "Tower\Tower.csproj", "{A3AB36A5-65F1-4BF9-91B7-C2B9879EA678}"
EndProject
Project("{9A19103F-16F7-4668-BE54-9A1E7A4F7556}") = "Excercise", "Excercise\Excercise.csproj", "{EB7D9A51-8D85-4FB4-889F-225F4C4E878F}"
EndProject
Project("{9A19103F-16F7-4668-BE54-9A1E7A4F7556}") = "MySourceGenerator", "MySourceGenerator\MySourceGenerator.csproj", "{CDBA12DB-5CDC-4561-8E63-7E8C10B0DEC6}"
EndProject
Project("{2150E333-8FDC-42A3-9474-1A3956D46DE8}") = "SourceGenerator", "SourceGenerator", "{B04B5FE2-F5C7-4677-88B8-6C704FC9C097}"
EndProject
Project("{9A19103F-16F7-4668-BE54-9A1E7A4F7556}") = "Example", "Example\Example.csproj", "{A8F57490-AE1C-4F4D-9044-0F4F9FBF0416}"
EndProject
Project("{9A19103F-16F7-4668-BE54-9A1E7A4F7556}") = "Generator", "Generator\Generator.csproj", "{E70016C1-FE4D-468C-B0AF-BB7527ACA38B}"
EndProject
Project("{2150E333-8FDC-42A3-9474-1A3956D46DE8}") = "StandardExample", "StandardExample", "{97DD82F3-E287-4089-AA3D-11CBF6EAA899}"
EndProject
Global
	GlobalSection(SolutionConfigurationPlatforms) = preSolution
		Debug|Any CPU = Debug|Any CPU
		Release|Any CPU = Release|Any CPU
	EndGlobalSection
	GlobalSection(ProjectConfigurationPlatforms) = postSolution
		{499D6438-A010-4269-A4EF-E7966CDB1196}.Debug|Any CPU.ActiveCfg = Debug|Any CPU
		{499D6438-A010-4269-A4EF-E7966CDB1196}.Debug|Any CPU.Build.0 = Debug|Any CPU
		{499D6438-A010-4269-A4EF-E7966CDB1196}.Release|Any CPU.ActiveCfg = Release|Any CPU
		{499D6438-A010-4269-A4EF-E7966CDB1196}.Release|Any CPU.Build.0 = Release|Any CPU
		{8500870D-488A-494D-A6FB-209824286770}.Debug|Any CPU.ActiveCfg = Debug|Any CPU
		{8500870D-488A-494D-A6FB-209824286770}.Debug|Any CPU.Build.0 = Debug|Any CPU
		{8500870D-488A-494D-A6FB-209824286770}.Release|Any CPU.ActiveCfg = Release|Any CPU
		{8500870D-488A-494D-A6FB-209824286770}.Release|Any CPU.Build.0 = Release|Any CPU
		{A3AB36A5-65F1-4BF9-91B7-C2B9879EA678}.Debug|Any CPU.ActiveCfg = Debug|Any CPU
		{A3AB36A5-65F1-4BF9-91B7-C2B9879EA678}.Debug|Any CPU.Build.0 = Debug|Any CPU
		{A3AB36A5-65F1-4BF9-91B7-C2B9879EA678}.Release|Any CPU.ActiveCfg = Release|Any CPU
		{A3AB36A5-65F1-4BF9-91B7-C2B9879EA678}.Release|Any CPU.Build.0 = Release|Any CPU
		{EB7D9A51-8D85-4FB4-889F-225F4C4E878F}.Debug|Any CPU.ActiveCfg = Debug|Any CPU
		{EB7D9A51-8D85-4FB4-889F-225F4C4E878F}.Debug|Any CPU.Build.0 = Debug|Any CPU
		{EB7D9A51-8D85-4FB4-889F-225F4C4E878F}.Release|Any CPU.ActiveCfg = Release|Any CPU
		{EB7D9A51-8D85-4FB4-889F-225F4C4E878F}.Release|Any CPU.Build.0 = Release|Any CPU
		{CDBA12DB-5CDC-4561-8E63-7E8C10B0DEC6}.Debug|Any CPU.ActiveCfg = Debug|Any CPU
		{CDBA12DB-5CDC-4561-8E63-7E8C10B0DEC6}.Debug|Any CPU.Build.0 = Debug|Any CPU
		{CDBA12DB-5CDC-4561-8E63-7E8C10B0DEC6}.Release|Any CPU.ActiveCfg = Release|Any CPU
		{CDBA12DB-5CDC-4561-8E63-7E8C10B0DEC6}.Release|Any CPU.Build.0 = Release|Any CPU
		{A8F57490-AE1C-4F4D-9044-0F4F9FBF0416}.Debug|Any CPU.ActiveCfg = Debug|Any CPU
		{A8F57490-AE1C-4F4D-9044-0F4F9FBF0416}.Debug|Any CPU.Build.0 = Debug|Any CPU
		{A8F57490-AE1C-4F4D-9044-0F4F9FBF0416}.Release|Any CPU.ActiveCfg = Release|Any CPU
		{A8F57490-AE1C-4F4D-9044-0F4F9FBF0416}.Release|Any CPU.Build.0 = Release|Any CPU
		{E70016C1-FE4D-468C-B0AF-BB7527ACA38B}.Debug|Any CPU.ActiveCfg = Debug|Any CPU
		{E70016C1-FE4D-468C-B0AF-BB7527ACA38B}.Debug|Any CPU.Build.0 = Debug|Any CPU
		{E70016C1-FE4D-468C-B0AF-BB7527ACA38B}.Release|Any CPU.ActiveCfg = Release|Any CPU
		{E70016C1-FE4D-468C-B0AF-BB7527ACA38B}.Release|Any CPU.Build.0 = Release|Any CPU
	EndGlobalSection
	GlobalSection(SolutionProperties) = preSolution
		HideSolutionNode = FALSE
	EndGlobalSection
	GlobalSection(NestedProjects) = preSolution
		{A3AB36A5-65F1-4BF9-91B7-C2B9879EA678} = {F4929051-4029-4BA5-8EE4-ED478FC66730}
		{EB7D9A51-8D85-4FB4-889F-225F4C4E878F} = {B04B5FE2-F5C7-4677-88B8-6C704FC9C097}
		{CDBA12DB-5CDC-4561-8E63-7E8C10B0DEC6} = {B04B5FE2-F5C7-4677-88B8-6C704FC9C097}
		{A8F57490-AE1C-4F4D-9044-0F4F9FBF0416} = {97DD82F3-E287-4089-AA3D-11CBF6EAA899}
		{E70016C1-FE4D-468C-B0AF-BB7527ACA38B} = {97DD82F3-E287-4089-AA3D-11CBF6EAA899}
		{97DD82F3-E287-4089-AA3D-11CBF6EAA899} = {B04B5FE2-F5C7-4677-88B8-6C704FC9C097}
	EndGlobalSection
	GlobalSection(ExtensibilityGlobals) = postSolution
		SolutionGuid = {27F02148-ACE3-4841-A2E6-ECB6075BD9C8}
	EndGlobalSection
EndGlobal
